
Microsoft Visual Studio Solution File, Format Version 12.00
# Visual Studio Version 17
VisualStudioVersion = 17.0.32112.339
MinimumVisualStudioVersion = 10.0.40219.1
Project("{9A19103F-16F7-4668-BE54-9A1E7A4F7556}") = "OnlineLearningAppApi", "OnlineLearningAppApi\OnlineLearningAppApi.csproj", "{CA1077C9-3F28-4BEA-BA91-C54B7D058EE3}"
EndProject
Project("{9A19103F-16F7-4668-BE54-9A1E7A4F7556}") = "OnlineLearningAppApi.Models", "OnlineLearningAppApi.Models\OnlineLearningAppApi.Models.csproj", "{3AF73DEE-C92F-45B2-8F69-C373644B0FE5}"
EndProject
Project("{9A19103F-16F7-4668-BE54-9A1E7A4F7556}") = "OnlineLearningAppApi.Database", "OnlineLearningAppApi.Database\OnlineLearningAppApi.Database.csproj", "{2C6D0134-10F5-48D7-AD52-039340D43FF9}"
EndProject
Project("{9A19103F-16F7-4668-BE54-9A1E7A4F7556}") = "OnlineLearningAppApi.Services", "OnlineLearningAppApi.Services\OnlineLearningAppApi.Services.csproj", "{E3092FB3-4321-48BC-83F8-40BDA7A2C030}"
EndProject
Project("{FAE04EC0-301F-11D3-BF4B-00C04F79EFBC}") = "OnlineLearningAppApi.Repositories", "OnlineLearningAppApi.Repositories\OnlineLearningAppApi.Repositories.csproj", "{678DEBBB-585B-4A58-A06E-FC3D4FB191AB}"
EndProject
Global
	GlobalSection(SolutionConfigurationPlatforms) = preSolution
		Debug|Any CPU = Debug|Any CPU
		Release|Any CPU = Release|Any CPU
	EndGlobalSection
	GlobalSection(ProjectConfigurationPlatforms) = postSolution
		{CA1077C9-3F28-4BEA-BA91-C54B7D058EE3}.Debug|Any CPU.ActiveCfg = Debug|Any CPU
		{CA1077C9-3F28-4BEA-BA91-C54B7D058EE3}.Debug|Any CPU.Build.0 = Debug|Any CPU
		{CA1077C9-3F28-4BEA-BA91-C54B7D058EE3}.Release|Any CPU.ActiveCfg = Release|Any CPU
		{CA1077C9-3F28-4BEA-BA91-C54B7D058EE3}.Release|Any CPU.Build.0 = Release|Any CPU
		{3AF73DEE-C92F-45B2-8F69-C373644B0FE5}.Debug|Any CPU.ActiveCfg = Debug|Any CPU
		{3AF73DEE-C92F-45B2-8F69-C373644B0FE5}.Debug|Any CPU.Build.0 = Debug|Any CPU
		{3AF73DEE-C92F-45B2-8F69-C373644B0FE5}.Release|Any CPU.ActiveCfg = Release|Any CPU
		{3AF73DEE-C92F-45B2-8F69-C373644B0FE5}.Release|Any CPU.Build.0 = Release|Any CPU
		{2C6D0134-10F5-48D7-AD52-039340D43FF9}.Debug|Any CPU.ActiveCfg = Debug|Any CPU
		{2C6D0134-10F5-48D7-AD52-039340D43FF9}.Debug|Any CPU.Build.0 = Debug|Any CPU
		{2C6D0134-10F5-48D7-AD52-039340D43FF9}.Release|Any CPU.ActiveCfg = Release|Any CPU
		{2C6D0134-10F5-48D7-AD52-039340D43FF9}.Release|Any CPU.Build.0 = Release|Any CPU
		{E3092FB3-4321-48BC-83F8-40BDA7A2C030}.Debug|Any CPU.ActiveCfg = Debug|Any CPU
		{E3092FB3-4321-48BC-83F8-40BDA7A2C030}.Debug|Any CPU.Build.0 = Debug|Any CPU
		{E3092FB3-4321-48BC-83F8-40BDA7A2C030}.Release|Any CPU.ActiveCfg = Release|Any CPU
		{E3092FB3-4321-48BC-83F8-40BDA7A2C030}.Release|Any CPU.Build.0 = Release|Any CPU
		{678DEBBB-585B-4A58-A06E-FC3D4FB191AB}.Debug|Any CPU.ActiveCfg = Debug|Any CPU
		{678DEBBB-585B-4A58-A06E-FC3D4FB191AB}.Debug|Any CPU.Build.0 = Debug|Any CPU
		{678DEBBB-585B-4A58-A06E-FC3D4FB191AB}.Release|Any CPU.ActiveCfg = Release|Any CPU
		{678DEBBB-585B-4A58-A06E-FC3D4FB191AB}.Release|Any CPU.Build.0 = Release|Any CPU
	EndGlobalSection
	GlobalSection(SolutionProperties) = preSolution
		HideSolutionNode = FALSE
	EndGlobalSection
	GlobalSection(ExtensibilityGlobals) = postSolution
		SolutionGuid = {9610C794-3DD3-4723-ACDE-9292D5090A72}
	EndGlobalSection
EndGlobal
